
Microsoft Visual Studio Solution File, Format Version 12.00
# Visual Studio Version 17
VisualStudioVersion = 17.6.33815.320
MinimumVisualStudioVersion = 10.0.40219.1
Project("{FAE04EC0-301F-11D3-BF4B-00C04F79EFBC}") = "Carseer.CarService.Application", "src\Carseer.CarService.Application\Carseer.CarService.Application\Carseer.CarService.Application.csproj", "{01FF89A9-C95F-4302-8273-B4F7A81D654E}"
EndProject
Project("{FAE04EC0-301F-11D3-BF4B-00C04F79EFBC}") = "Carseer.CarService.Contracts", "src\Carseer.CarService.Contracts\Carseer.CarService.Contracts\Carseer.CarService.Contracts.csproj", "{84C34D5E-4201-45CA-8D08-D23AEA1E9483}"
EndProject
Project("{FAE04EC0-301F-11D3-BF4B-00C04F79EFBC}") = "Carseer.CarService.EntityFrameworkCore", "src\Carseer.CarService.EntityFrameworkCore\Carseer.CarService.EntityFrameworkCore\Carseer.CarService.EntityFrameworkCore.csproj", "{5DFF9E51-A10E-4E84-8CB9-85EABF5DD321}"
EndProject
Project("{FAE04EC0-301F-11D3-BF4B-00C04F79EFBC}") = "Carseer.CarService.Domain", "src\Carseer.CarService.Domain\Carseer.CarService.Domain\Carseer.CarService.Domain.csproj", "{C1B791A6-CF9D-4446-9762-BC74D1337A20}"
EndProject
Project("{FAE04EC0-301F-11D3-BF4B-00C04F79EFBC}") = "Carseer.CarService.API", "src\Carseer.CarService.API\Carseer.CarService.API\Carseer.CarService.API.csproj", "{ABF0DCFF-962B-4C3A-A71D-A89EA1CAA7CA}"
EndProject
Global
	GlobalSection(SolutionConfigurationPlatforms) = preSolution
		Debug|Any CPU = Debug|Any CPU
		Release|Any CPU = Release|Any CPU
	EndGlobalSection
	GlobalSection(ProjectConfigurationPlatforms) = postSolution
		{01FF89A9-C95F-4302-8273-B4F7A81D654E}.Debug|Any CPU.ActiveCfg = Debug|Any CPU
		{01FF89A9-C95F-4302-8273-B4F7A81D654E}.Debug|Any CPU.Build.0 = Debug|Any CPU
		{01FF89A9-C95F-4302-8273-B4F7A81D654E}.Release|Any CPU.ActiveCfg = Release|Any CPU
		{01FF89A9-C95F-4302-8273-B4F7A81D654E}.Release|Any CPU.Build.0 = Release|Any CPU
		{84C34D5E-4201-45CA-8D08-D23AEA1E9483}.Debug|Any CPU.ActiveCfg = Debug|Any CPU
		{84C34D5E-4201-45CA-8D08-D23AEA1E9483}.Debug|Any CPU.Build.0 = Debug|Any CPU
		{84C34D5E-4201-45CA-8D08-D23AEA1E9483}.Release|Any CPU.ActiveCfg = Release|Any CPU
		{84C34D5E-4201-45CA-8D08-D23AEA1E9483}.Release|Any CPU.Build.0 = Release|Any CPU
		{5DFF9E51-A10E-4E84-8CB9-85EABF5DD321}.Debug|Any CPU.ActiveCfg = Debug|Any CPU
		{5DFF9E51-A10E-4E84-8CB9-85EABF5DD321}.Debug|Any CPU.Build.0 = Debug|Any CPU
		{5DFF9E51-A10E-4E84-8CB9-85EABF5DD321}.Release|Any CPU.ActiveCfg = Release|Any CPU
		{5DFF9E51-A10E-4E84-8CB9-85EABF5DD321}.Release|Any CPU.Build.0 = Release|Any CPU
		{C1B791A6-CF9D-4446-9762-BC74D1337A20}.Debug|Any CPU.ActiveCfg = Debug|Any CPU
		{C1B791A6-CF9D-4446-9762-BC74D1337A20}.Debug|Any CPU.Build.0 = Debug|Any CPU
		{C1B791A6-CF9D-4446-9762-BC74D1337A20}.Release|Any CPU.ActiveCfg = Release|Any CPU
		{C1B791A6-CF9D-4446-9762-BC74D1337A20}.Release|Any CPU.Build.0 = Release|Any CPU
		{ABF0DCFF-962B-4C3A-A71D-A89EA1CAA7CA}.Debug|Any CPU.ActiveCfg = Debug|Any CPU
		{ABF0DCFF-962B-4C3A-A71D-A89EA1CAA7CA}.Debug|Any CPU.Build.0 = Debug|Any CPU
		{ABF0DCFF-962B-4C3A-A71D-A89EA1CAA7CA}.Release|Any CPU.ActiveCfg = Release|Any CPU
		{ABF0DCFF-962B-4C3A-A71D-A89EA1CAA7CA}.Release|Any CPU.Build.0 = Release|Any CPU
	EndGlobalSection
	GlobalSection(SolutionProperties) = preSolution
		HideSolutionNode = FALSE
	EndGlobalSection
	GlobalSection(ExtensibilityGlobals) = postSolution
		SolutionGuid = {14C6036D-BBDC-4EBD-BE21-F63FD48FAE6A}
	EndGlobalSection
EndGlobal
